
Microsoft Visual Studio Solution File, Format Version 12.00
# Visual Studio Version 16
VisualStudioVersion = 16.0.35229.62
MinimumVisualStudioVersion = 10.0.40219.1
Project("{FAE04EC0-301F-11D3-BF4B-00C04F79EFBC}") = "kat_mob_soft", "kat_mob_soft.csproj", "{64B09705-B5FC-4DA2-99DC-38EEBE284552}"
EndProject
Global
	GlobalSection(SolutionConfigurationPlatforms) = preSolution
		Debug|Any CPU = Debug|Any CPU
		Release|Any CPU = Release|Any CPU
	EndGlobalSection
	GlobalSection(ProjectConfigurationPlatforms) = postSolution
		{64B09705-B5FC-4DA2-99DC-38EEBE284552}.Debug|Any CPU.ActiveCfg = Debug|Any CPU
		{64B09705-B5FC-4DA2-99DC-38EEBE284552}.Debug|Any CPU.Build.0 = Debug|Any CPU
		{64B09705-B5FC-4DA2-99DC-38EEBE284552}.Release|Any CPU.ActiveCfg = Release|Any CPU
		{64B09705-B5FC-4DA2-99DC-38EEBE284552}.Release|Any CPU.Build.0 = Release|Any CPU
	EndGlobalSection
	GlobalSection(SolutionProperties) = preSolution
		HideSolutionNode = FALSE
	EndGlobalSection
	GlobalSection(ExtensibilityGlobals) = postSolution
		SolutionGuid = {B58A5D70-FDE1-412A-B611-6D10A96D5A08}
	EndGlobalSection
EndGlobal
